
Microsoft Visual Studio Solution File, Format Version 12.00
# Visual Studio Version 16
VisualStudioVersion = 16.0.29709.97
MinimumVisualStudioVersion = 10.0.40219.1
Project("{2150E333-8FDC-42A3-9474-1A3956D46DE8}") = "GrpcSamples", "GrpcSamples", "{CDC66FF7-90EA-486D-B261-702990E41305}"
EndProject
Project("{9A19103F-16F7-4668-BE54-9A1E7A4F7556}") = "GrpcService", "GrpcSamples\GrpcService\GrpcService.csproj", "{8A65C5BA-BA10-44FB-9B4E-4E6E313E9EF4}"
EndProject
Project("{9A19103F-16F7-4668-BE54-9A1E7A4F7556}") = "WebApiApp", "GrpcSamples\WebApiApp\WebApiApp.csproj", "{53AF57F7-CF98-4FF1-8071-E0EA0ADD4FDD}"
EndProject
Project("{9A19103F-16F7-4668-BE54-9A1E7A4F7556}") = "WebApiApp.GropClient", "GrpcSamples\WebApiApp.GropClient\WebApiApp.GropClient.csproj", "{7CCD99BA-7026-4D02-AD7B-CF5732C9F184}"
EndProject
Project("{2150E333-8FDC-42A3-9474-1A3956D46DE8}") = "LogSamples", "LogSamples", "{44A85D74-A5C2-4600-B879-79B8F027EB89}"
EndProject
Project("{2150E333-8FDC-42A3-9474-1A3956D46DE8}") = "WindowsServiceSamples", "WindowsServiceSamples", "{7E908593-0F7D-4901-AD01-523108F7BC38}"
EndProject
Project("{2150E333-8FDC-42A3-9474-1A3956D46DE8}") = "DatabaseSample", "DatabaseSample", "{ADEDE853-67B4-4DE1-A94D-DBB9F5E41E9B}"
EndProject
Project("{9A19103F-16F7-4668-BE54-9A1E7A4F7556}") = "WindowsService", "WindowsServiceSample\WindowsService\WindowsService.csproj", "{ACE8B00C-3257-46D1-8C2A-6D533F4BC429}"
EndProject
Project("{9A19103F-16F7-4668-BE54-9A1E7A4F7556}") = "ConsoleApp_log4net", "LogSamples\ConsoleApp_log4net\ConsoleApp_log4net.csproj", "{995786DE-B6F0-405E-BBCE-5BF303C9FF14}"
EndProject
Project("{9A19103F-16F7-4668-BE54-9A1E7A4F7556}") = "ConsoleApp_NLog", "LogSamples\ConsoleApp_NLog\ConsoleApp_NLog.csproj", "{0FEB54B2-9C03-49FC-856A-3F24F28C9404}"
EndProject
Project("{9A19103F-16F7-4668-BE54-9A1E7A4F7556}") = "ConsoleApp_Serilog", "LogSamples\ConsoleApp_Serilog\ConsoleApp_Serilog.csproj", "{71640807-D9BD-4E72-AAE0-71AC439AF6AB}"
EndProject
Project("{9A19103F-16F7-4668-BE54-9A1E7A4F7556}") = "ConsoleApp", "DatabaseSample\ConsoleApp\ConsoleApp.csproj", "{552C2FF8-3D3D-4FC7-BBD1-F6A3359D0FF6}"
EndProject
Project("{9A19103F-16F7-4668-BE54-9A1E7A4F7556}") = "DataStore", "DatabaseSample\DataStore\DataStore.csproj", "{6C2F9B1F-90DB-4FCD-9849-D16877B6AF65}"
EndProject
Project("{9A19103F-16F7-4668-BE54-9A1E7A4F7556}") = "MySQLWebApp", "MySQLWebApp\MySQLWebApp.csproj", "{A4107548-4B03-47BE-8358-DE226F96BB77}"
EndProject
Project("{9A19103F-16F7-4668-BE54-9A1E7A4F7556}") = "GrpcServiceRecursive", "GrpcSamples\GrpcServiceRecursive\GrpcServiceRecursive.csproj", "{862F8C96-E75F-4FCB-AC50-D2B4806F66AD}"
EndProject
Global
	GlobalSection(SolutionConfigurationPlatforms) = preSolution
		Debug|Any CPU = Debug|Any CPU
		Release|Any CPU = Release|Any CPU
	EndGlobalSection
	GlobalSection(ProjectConfigurationPlatforms) = postSolution
		{8A65C5BA-BA10-44FB-9B4E-4E6E313E9EF4}.Debug|Any CPU.ActiveCfg = Debug|Any CPU
		{8A65C5BA-BA10-44FB-9B4E-4E6E313E9EF4}.Debug|Any CPU.Build.0 = Debug|Any CPU
		{8A65C5BA-BA10-44FB-9B4E-4E6E313E9EF4}.Release|Any CPU.ActiveCfg = Release|Any CPU
		{8A65C5BA-BA10-44FB-9B4E-4E6E313E9EF4}.Release|Any CPU.Build.0 = Release|Any CPU
		{53AF57F7-CF98-4FF1-8071-E0EA0ADD4FDD}.Debug|Any CPU.ActiveCfg = Debug|Any CPU
		{53AF57F7-CF98-4FF1-8071-E0EA0ADD4FDD}.Debug|Any CPU.Build.0 = Debug|Any CPU
		{53AF57F7-CF98-4FF1-8071-E0EA0ADD4FDD}.Release|Any CPU.ActiveCfg = Release|Any CPU
		{53AF57F7-CF98-4FF1-8071-E0EA0ADD4FDD}.Release|Any CPU.Build.0 = Release|Any CPU
		{7CCD99BA-7026-4D02-AD7B-CF5732C9F184}.Debug|Any CPU.ActiveCfg = Debug|Any CPU
		{7CCD99BA-7026-4D02-AD7B-CF5732C9F184}.Debug|Any CPU.Build.0 = Debug|Any CPU
		{7CCD99BA-7026-4D02-AD7B-CF5732C9F184}.Release|Any CPU.ActiveCfg = Release|Any CPU
		{7CCD99BA-7026-4D02-AD7B-CF5732C9F184}.Release|Any CPU.Build.0 = Release|Any CPU
		{ACE8B00C-3257-46D1-8C2A-6D533F4BC429}.Debug|Any CPU.ActiveCfg = Debug|Any CPU
		{ACE8B00C-3257-46D1-8C2A-6D533F4BC429}.Debug|Any CPU.Build.0 = Debug|Any CPU
		{ACE8B00C-3257-46D1-8C2A-6D533F4BC429}.Release|Any CPU.ActiveCfg = Release|Any CPU
		{ACE8B00C-3257-46D1-8C2A-6D533F4BC429}.Release|Any CPU.Build.0 = Release|Any CPU
		{995786DE-B6F0-405E-BBCE-5BF303C9FF14}.Debug|Any CPU.ActiveCfg = Debug|Any CPU
		{995786DE-B6F0-405E-BBCE-5BF303C9FF14}.Debug|Any CPU.Build.0 = Debug|Any CPU
		{995786DE-B6F0-405E-BBCE-5BF303C9FF14}.Release|Any CPU.ActiveCfg = Release|Any CPU
		{995786DE-B6F0-405E-BBCE-5BF303C9FF14}.Release|Any CPU.Build.0 = Release|Any CPU
		{0FEB54B2-9C03-49FC-856A-3F24F28C9404}.Debug|Any CPU.ActiveCfg = Debug|Any CPU
		{0FEB54B2-9C03-49FC-856A-3F24F28C9404}.Debug|Any CPU.Build.0 = Debug|Any CPU
		{0FEB54B2-9C03-49FC-856A-3F24F28C9404}.Release|Any CPU.ActiveCfg = Release|Any CPU
		{0FEB54B2-9C03-49FC-856A-3F24F28C9404}.Release|Any CPU.Build.0 = Release|Any CPU
		{71640807-D9BD-4E72-AAE0-71AC439AF6AB}.Debug|Any CPU.ActiveCfg = Debug|Any CPU
		{71640807-D9BD-4E72-AAE0-71AC439AF6AB}.Debug|Any CPU.Build.0 = Debug|Any CPU
		{71640807-D9BD-4E72-AAE0-71AC439AF6AB}.Release|Any CPU.ActiveCfg = Release|Any CPU
		{71640807-D9BD-4E72-AAE0-71AC439AF6AB}.Release|Any CPU.Build.0 = Release|Any CPU
		{552C2FF8-3D3D-4FC7-BBD1-F6A3359D0FF6}.Debug|Any CPU.ActiveCfg = Debug|Any CPU
		{552C2FF8-3D3D-4FC7-BBD1-F6A3359D0FF6}.Debug|Any CPU.Build.0 = Debug|Any CPU
		{552C2FF8-3D3D-4FC7-BBD1-F6A3359D0FF6}.Release|Any CPU.ActiveCfg = Release|Any CPU
		{552C2FF8-3D3D-4FC7-BBD1-F6A3359D0FF6}.Release|Any CPU.Build.0 = Release|Any CPU
		{6C2F9B1F-90DB-4FCD-9849-D16877B6AF65}.Debug|Any CPU.ActiveCfg = Debug|Any CPU
		{6C2F9B1F-90DB-4FCD-9849-D16877B6AF65}.Debug|Any CPU.Build.0 = Debug|Any CPU
		{6C2F9B1F-90DB-4FCD-9849-D16877B6AF65}.Release|Any CPU.ActiveCfg = Release|Any CPU
		{6C2F9B1F-90DB-4FCD-9849-D16877B6AF65}.Release|Any CPU.Build.0 = Release|Any CPU
		{A4107548-4B03-47BE-8358-DE226F96BB77}.Debug|Any CPU.ActiveCfg = Debug|Any CPU
		{A4107548-4B03-47BE-8358-DE226F96BB77}.Debug|Any CPU.Build.0 = Debug|Any CPU
		{A4107548-4B03-47BE-8358-DE226F96BB77}.Release|Any CPU.ActiveCfg = Release|Any CPU
		{A4107548-4B03-47BE-8358-DE226F96BB77}.Release|Any CPU.Build.0 = Release|Any CPU
		{862F8C96-E75F-4FCB-AC50-D2B4806F66AD}.Debug|Any CPU.ActiveCfg = Debug|Any CPU
		{862F8C96-E75F-4FCB-AC50-D2B4806F66AD}.Debug|Any CPU.Build.0 = Debug|Any CPU
		{862F8C96-E75F-4FCB-AC50-D2B4806F66AD}.Release|Any CPU.ActiveCfg = Release|Any CPU
		{862F8C96-E75F-4FCB-AC50-D2B4806F66AD}.Release|Any CPU.Build.0 = Release|Any CPU
	EndGlobalSection
	GlobalSection(SolutionProperties) = preSolution
		HideSolutionNode = FALSE
	EndGlobalSection
	GlobalSection(NestedProjects) = preSolution
		{8A65C5BA-BA10-44FB-9B4E-4E6E313E9EF4} = {CDC66FF7-90EA-486D-B261-702990E41305}
		{53AF57F7-CF98-4FF1-8071-E0EA0ADD4FDD} = {CDC66FF7-90EA-486D-B261-702990E41305}
		{7CCD99BA-7026-4D02-AD7B-CF5732C9F184} = {CDC66FF7-90EA-486D-B261-702990E41305}
		{ACE8B00C-3257-46D1-8C2A-6D533F4BC429} = {7E908593-0F7D-4901-AD01-523108F7BC38}
		{995786DE-B6F0-405E-BBCE-5BF303C9FF14} = {44A85D74-A5C2-4600-B879-79B8F027EB89}
		{0FEB54B2-9C03-49FC-856A-3F24F28C9404} = {44A85D74-A5C2-4600-B879-79B8F027EB89}
		{71640807-D9BD-4E72-AAE0-71AC439AF6AB} = {44A85D74-A5C2-4600-B879-79B8F027EB89}
		{552C2FF8-3D3D-4FC7-BBD1-F6A3359D0FF6} = {ADEDE853-67B4-4DE1-A94D-DBB9F5E41E9B}
		{6C2F9B1F-90DB-4FCD-9849-D16877B6AF65} = {ADEDE853-67B4-4DE1-A94D-DBB9F5E41E9B}
		{862F8C96-E75F-4FCB-AC50-D2B4806F66AD} = {CDC66FF7-90EA-486D-B261-702990E41305}
	EndGlobalSection
	GlobalSection(ExtensibilityGlobals) = postSolution
		SolutionGuid = {5C440677-0D6C-4947-87EB-0F8458ECA2A9}
	EndGlobalSection
EndGlobal
